// !$*UTF8*$!
{
	archiveVersion = 1;
	classes = {
	};
	objectVersion = 77;
	objects = {

/* Begin PBXBuildFile section */
		0E2DD5FC2CD3F4CC001C837F /* Lottie in Frameworks */ = {isa = PBXBuildFile; productRef = 0E2DD5FB2CD3F4CC001C837F /* Lottie */; };
		0EC555342CE368C500F45B8F /* Nuke in Frameworks */ = {isa = PBXBuildFile; productRef = 0EC555332CE368C500F45B8F /* Nuke */; };
		0EC555362CE368C500F45B8F /* NukeExtensions in Frameworks */ = {isa = PBXBuildFile; productRef = 0EC555352CE368C500F45B8F /* NukeExtensions */; };
		0EC555382CE368C500F45B8F /* NukeUI in Frameworks */ = {isa = PBXBuildFile; productRef = 0EC555372CE368C500F45B8F /* NukeUI */; };
		0EC5553A2CE368C500F45B8F /* NukeVideo in Frameworks */ = {isa = PBXBuildFile; productRef = 0EC555392CE368C500F45B8F /* NukeVideo */; };
/* End PBXBuildFile section */

/* Begin PBXContainerItemProxy section */
		0EE7392D2CCA3B4F0075CBF6 /* PBXContainerItemProxy */ = {
			isa = PBXContainerItemProxy;
			containerPortal = 0EE739142CCA3B4E0075CBF6 /* Project object */;
			proxyType = 1;
			remoteGlobalIDString = 0EE7391B2CCA3B4E0075CBF6;
			remoteInfo = "galore-ios";
		};
		0EE739372CCA3B4F0075CBF6 /* PBXContainerItemProxy */ = {
			isa = PBXContainerItemProxy;
			containerPortal = 0EE739142CCA3B4E0075CBF6 /* Project object */;
			proxyType = 1;
			remoteGlobalIDString = 0EE7391B2CCA3B4E0075CBF6;
			remoteInfo = "galore-ios";
		};
/* End PBXContainerItemProxy section */

/* Begin PBXFileReference section */
		0EE7391C2CCA3B4E0075CBF6 /* galore-ios.app */ = {isa = PBXFileReference; explicitFileType = wrapper.application; includeInIndex = 0; path = "galore-ios.app"; sourceTree = BUILT_PRODUCTS_DIR; };
		0EE7392C2CCA3B4F0075CBF6 /* galore-iosTests.xctest */ = {isa = PBXFileReference; explicitFileType = wrapper.cfbundle; includeInIndex = 0; path = "galore-iosTests.xctest"; sourceTree = BUILT_PRODUCTS_DIR; };
		0EE739362CCA3B4F0075CBF6 /* galore-iosUITests.xctest */ = {isa = PBXFileReference; explicitFileType = wrapper.cfbundle; includeInIndex = 0; path = "galore-iosUITests.xctest"; sourceTree = BUILT_PRODUCTS_DIR; };
/* End PBXFileReference section */

/* Begin PBXFileSystemSynchronizedBuildFileExceptionSet section */
		0EEEC6742CDDF4A700DFE272 /* Exceptions for "galore-ios" folder in "galore-ios" target */ = {
			isa = PBXFileSystemSynchronizedBuildFileExceptionSet;
			membershipExceptions = (
				Info.plist,
			);
			target = 0EE7391B2CCA3B4E0075CBF6 /* galore-ios */;
		};
/* End PBXFileSystemSynchronizedBuildFileExceptionSet section */

/* Begin PBXFileSystemSynchronizedRootGroup section */
		0EE7391E2CCA3B4E0075CBF6 /* galore-ios */ = {
			isa = PBXFileSystemSynchronizedRootGroup;
			exceptions = (
				0EEEC6742CDDF4A700DFE272 /* Exceptions for "galore-ios" folder in "galore-ios" target */,
			);
			path = "galore-ios";
			sourceTree = "<group>";
		};
		0EE7392F2CCA3B4F0075CBF6 /* galore-iosTests */ = {
			isa = PBXFileSystemSynchronizedRootGroup;
			path = "galore-iosTests";
			sourceTree = "<group>";
		};
		0EE739392CCA3B4F0075CBF6 /* galore-iosUITests */ = {
			isa = PBXFileSystemSynchronizedRootGroup;
			path = "galore-iosUITests";
			sourceTree = "<group>";
		};
/* End PBXFileSystemSynchronizedRootGroup section */

/* Begin PBXFrameworksBuildPhase section */
		0EE739192CCA3B4E0075CBF6 /* Frameworks */ = {
			isa = PBXFrameworksBuildPhase;
			buildActionMask = 2147483647;
			files = (
				0E2DD5FC2CD3F4CC001C837F /* Lottie in Frameworks */,
				0EC555342CE368C500F45B8F /* Nuke in Frameworks */,
				0EC5553A2CE368C500F45B8F /* NukeVideo in Frameworks */,
				0EC555362CE368C500F45B8F /* NukeExtensions in Frameworks */,
				0EC555382CE368C500F45B8F /* NukeUI in Frameworks */,
			);
			runOnlyForDeploymentPostprocessing = 0;
		};
		0EE739292CCA3B4F0075CBF6 /* Frameworks */ = {
			isa = PBXFrameworksBuildPhase;
			buildActionMask = 2147483647;
			files = (
			);
			runOnlyForDeploymentPostprocessing = 0;
		};
		0EE739332CCA3B4F0075CBF6 /* Frameworks */ = {
			isa = PBXFrameworksBuildPhase;
			buildActionMask = 2147483647;
			files = (
			);
			runOnlyForDeploymentPostprocessing = 0;
		};
/* End PBXFrameworksBuildPhase section */

/* Begin PBXGroup section */
		0E2DD5FA2CD3F4CC001C837F /* Frameworks */ = {
			isa = PBXGroup;
			children = (
			);
			name = Frameworks;
			sourceTree = "<group>";
		};
		0EE739132CCA3B4E0075CBF6 = {
			isa = PBXGroup;
			children = (
				0EE7391E2CCA3B4E0075CBF6 /* galore-ios */,
				0EE7392F2CCA3B4F0075CBF6 /* galore-iosTests */,
				0EE739392CCA3B4F0075CBF6 /* galore-iosUITests */,
				0E2DD5FA2CD3F4CC001C837F /* Frameworks */,
				0EE7391D2CCA3B4E0075CBF6 /* Products */,
			);
			sourceTree = "<group>";
		};
		0EE7391D2CCA3B4E0075CBF6 /* Products */ = {
			isa = PBXGroup;
			children = (
				0EE7391C2CCA3B4E0075CBF6 /* galore-ios.app */,
				0EE7392C2CCA3B4F0075CBF6 /* galore-iosTests.xctest */,
				0EE739362CCA3B4F0075CBF6 /* galore-iosUITests.xctest */,
			);
			name = Products;
			sourceTree = "<group>";
		};
/* End PBXGroup section */

/* Begin PBXNativeTarget section */
		0EE7391B2CCA3B4E0075CBF6 /* galore-ios */ = {
			isa = PBXNativeTarget;
			buildConfigurationList = 0EE739402CCA3B4F0075CBF6 /* Build configuration list for PBXNativeTarget "galore-ios" */;
			buildPhases = (
				0EE739182CCA3B4E0075CBF6 /* Sources */,
				0EE739192CCA3B4E0075CBF6 /* Frameworks */,
				0EE7391A2CCA3B4E0075CBF6 /* Resources */,
			);
			buildRules = (
			);
			dependencies = (
			);
			fileSystemSynchronizedGroups = (
				0EE7391E2CCA3B4E0075CBF6 /* galore-ios */,
			);
			name = "galore-ios";
			packageProductDependencies = (
				0E2DD5FB2CD3F4CC001C837F /* Lottie */,
				0EC555332CE368C500F45B8F /* Nuke */,
				0EC555352CE368C500F45B8F /* NukeExtensions */,
				0EC555372CE368C500F45B8F /* NukeUI */,
				0EC555392CE368C500F45B8F /* NukeVideo */,
			);
			productName = "galore-ios";
			productReference = 0EE7391C2CCA3B4E0075CBF6 /* galore-ios.app */;
			productType = "com.apple.product-type.application";
		};
		0EE7392B2CCA3B4F0075CBF6 /* galore-iosTests */ = {
			isa = PBXNativeTarget;
			buildConfigurationList = 0EE739432CCA3B4F0075CBF6 /* Build configuration list for PBXNativeTarget "galore-iosTests" */;
			buildPhases = (
				0EE739282CCA3B4F0075CBF6 /* Sources */,
				0EE739292CCA3B4F0075CBF6 /* Frameworks */,
				0EE7392A2CCA3B4F0075CBF6 /* Resources */,
			);
			buildRules = (
			);
			dependencies = (
				0EE7392E2CCA3B4F0075CBF6 /* PBXTargetDependency */,
			);
			fileSystemSynchronizedGroups = (
				0EE7392F2CCA3B4F0075CBF6 /* galore-iosTests */,
			);
			name = "galore-iosTests";
			packageProductDependencies = (
			);
			productName = "galore-iosTests";
			productReference = 0EE7392C2CCA3B4F0075CBF6 /* galore-iosTests.xctest */;
			productType = "com.apple.product-type.bundle.unit-test";
		};
		0EE739352CCA3B4F0075CBF6 /* galore-iosUITests */ = {
			isa = PBXNativeTarget;
			buildConfigurationList = 0EE739462CCA3B4F0075CBF6 /* Build configuration list for PBXNativeTarget "galore-iosUITests" */;
			buildPhases = (
				0EE739322CCA3B4F0075CBF6 /* Sources */,
				0EE739332CCA3B4F0075CBF6 /* Frameworks */,
				0EE739342CCA3B4F0075CBF6 /* Resources */,
			);
			buildRules = (
			);
			dependencies = (
				0EE739382CCA3B4F0075CBF6 /* PBXTargetDependency */,
			);
			fileSystemSynchronizedGroups = (
				0EE739392CCA3B4F0075CBF6 /* galore-iosUITests */,
			);
			name = "galore-iosUITests";
			packageProductDependencies = (
			);
			productName = "galore-iosUITests";
			productReference = 0EE739362CCA3B4F0075CBF6 /* galore-iosUITests.xctest */;
			productType = "com.apple.product-type.bundle.ui-testing";
		};
/* End PBXNativeTarget section */

/* Begin PBXProject section */
		0EE739142CCA3B4E0075CBF6 /* Project object */ = {
			isa = PBXProject;
			attributes = {
				BuildIndependentTargetsInParallel = 1;
				LastSwiftUpdateCheck = 1600;
				LastUpgradeCheck = 1600;
				TargetAttributes = {
					0EE7391B2CCA3B4E0075CBF6 = {
						CreatedOnToolsVersion = 16.0;
					};
					0EE7392B2CCA3B4F0075CBF6 = {
						CreatedOnToolsVersion = 16.0;
						TestTargetID = 0EE7391B2CCA3B4E0075CBF6;
					};
					0EE739352CCA3B4F0075CBF6 = {
						CreatedOnToolsVersion = 16.0;
						TestTargetID = 0EE7391B2CCA3B4E0075CBF6;
					};
				};
			};
			buildConfigurationList = 0EE739172CCA3B4E0075CBF6 /* Build configuration list for PBXProject "galore-ios" */;
			developmentRegion = en;
			hasScannedForEncodings = 0;
			knownRegions = (
				en,
				Base,
			);
			mainGroup = 0EE739132CCA3B4E0075CBF6;
			minimizedProjectReferenceProxies = 1;
			packageReferences = (
				0E2DD5F92CD3F051001C837F /* XCRemoteSwiftPackageReference "lottie-spm" */,
				0EC555322CE368C500F45B8F /* XCRemoteSwiftPackageReference "Nuke" */,
			);
			preferredProjectObjectVersion = 77;
			productRefGroup = 0EE7391D2CCA3B4E0075CBF6 /* Products */;
			projectDirPath = "";
			projectRoot = "";
			targets = (
				0EE7391B2CCA3B4E0075CBF6 /* galore-ios */,
				0EE7392B2CCA3B4F0075CBF6 /* galore-iosTests */,
				0EE739352CCA3B4F0075CBF6 /* galore-iosUITests */,
			);
		};
/* End PBXProject section */

/* Begin PBXResourcesBuildPhase section */
		0EE7391A2CCA3B4E0075CBF6 /* Resources */ = {
			isa = PBXResourcesBuildPhase;
			buildActionMask = 2147483647;
			files = (
			);
			runOnlyForDeploymentPostprocessing = 0;
		};
		0EE7392A2CCA3B4F0075CBF6 /* Resources */ = {
			isa = PBXResourcesBuildPhase;
			buildActionMask = 2147483647;
			files = (
			);
			runOnlyForDeploymentPostprocessing = 0;
		};
		0EE739342CCA3B4F0075CBF6 /* Resources */ = {
			isa = PBXResourcesBuildPhase;
			buildActionMask = 2147483647;
			files = (
			);
			runOnlyForDeploymentPostprocessing = 0;
		};
/* End PBXResourcesBuildPhase section */

/* Begin PBXSourcesBuildPhase section */
		0EE739182CCA3B4E0075CBF6 /* Sources */ = {
			isa = PBXSourcesBuildPhase;
			buildActionMask = 2147483647;
			files = (
			);
			runOnlyForDeploymentPostprocessing = 0;
		};
		0EE739282CCA3B4F0075CBF6 /* Sources */ = {
			isa = PBXSourcesBuildPhase;
			buildActionMask = 2147483647;
			files = (
			);
			runOnlyForDeploymentPostprocessing = 0;
		};
		0EE739322CCA3B4F0075CBF6 /* Sources */ = {
			isa = PBXSourcesBuildPhase;
			buildActionMask = 2147483647;
			files = (
			);
			runOnlyForDeploymentPostprocessing = 0;
		};
/* End PBXSourcesBuildPhase section */

/* Begin PBXTargetDependency section */
		0EE7392E2CCA3B4F0075CBF6 /* PBXTargetDependency */ = {
			isa = PBXTargetDependency;
			target = 0EE7391B2CCA3B4E0075CBF6 /* galore-ios */;
			targetProxy = 0EE7392D2CCA3B4F0075CBF6 /* PBXContainerItemProxy */;
		};
		0EE739382CCA3B4F0075CBF6 /* PBXTargetDependency */ = {
			isa = PBXTargetDependency;
			target = 0EE7391B2CCA3B4E0075CBF6 /* galore-ios */;
			targetProxy = 0EE739372CCA3B4F0075CBF6 /* PBXContainerItemProxy */;
		};
/* End PBXTargetDependency section */

/* Begin XCBuildConfiguration section */
		0EE7393E2CCA3B4F0075CBF6 /* Debug */ = {
			isa = XCBuildConfiguration;
			buildSettings = {
				ALWAYS_SEARCH_USER_PATHS = NO;
				ASSETCATALOG_COMPILER_GENERATE_SWIFT_ASSET_SYMBOL_EXTENSIONS = YES;
				CLANG_ANALYZER_NONNULL = YES;
				CLANG_ANALYZER_NUMBER_OBJECT_CONVERSION = YES_AGGRESSIVE;
				CLANG_CXX_LANGUAGE_STANDARD = "gnu++20";
				CLANG_ENABLE_MODULES = YES;
				CLANG_ENABLE_OBJC_ARC = YES;
				CLANG_ENABLE_OBJC_WEAK = YES;
				CLANG_WARN_BLOCK_CAPTURE_AUTORELEASING = YES;
				CLANG_WARN_BOOL_CONVERSION = YES;
				CLANG_WARN_COMMA = YES;
				CLANG_WARN_CONSTANT_CONVERSION = YES;
				CLANG_WARN_DEPRECATED_OBJC_IMPLEMENTATIONS = YES;
				CLANG_WARN_DIRECT_OBJC_ISA_USAGE = YES_ERROR;
				CLANG_WARN_DOCUMENTATION_COMMENTS = YES;
				CLANG_WARN_EMPTY_BODY = YES;
				CLANG_WARN_ENUM_CONVERSION = YES;
				CLANG_WARN_INFINITE_RECURSION = YES;
				CLANG_WARN_INT_CONVERSION = YES;
				CLANG_WARN_NON_LITERAL_NULL_CONVERSION = YES;
				CLANG_WARN_OBJC_IMPLICIT_RETAIN_SELF = YES;
				CLANG_WARN_OBJC_LITERAL_CONVERSION = YES;
				CLANG_WARN_OBJC_ROOT_CLASS = YES_ERROR;
				CLANG_WARN_QUOTED_INCLUDE_IN_FRAMEWORK_HEADER = YES;
				CLANG_WARN_RANGE_LOOP_ANALYSIS = YES;
				CLANG_WARN_STRICT_PROTOTYPES = YES;
				CLANG_WARN_SUSPICIOUS_MOVE = YES;
				CLANG_WARN_UNGUARDED_AVAILABILITY = YES_AGGRESSIVE;
				CLANG_WARN_UNREACHABLE_CODE = YES;
				CLANG_WARN__DUPLICATE_METHOD_MATCH = YES;
				COPY_PHASE_STRIP = NO;
				DEBUG_INFORMATION_FORMAT = dwarf;
				ENABLE_STRICT_OBJC_MSGSEND = YES;
				ENABLE_TESTABILITY = YES;
				ENABLE_USER_SCRIPT_SANDBOXING = YES;
				GCC_C_LANGUAGE_STANDARD = gnu17;
				GCC_DYNAMIC_NO_PIC = NO;
				GCC_NO_COMMON_BLOCKS = YES;
				GCC_OPTIMIZATION_LEVEL = 0;
				GCC_PREPROCESSOR_DEFINITIONS = (
					"DEBUG=1",
					"$(inherited)",
				);
				GCC_WARN_64_TO_32_BIT_CONVERSION = YES;
				GCC_WARN_ABOUT_RETURN_TYPE = YES_ERROR;
				GCC_WARN_UNDECLARED_SELECTOR = YES;
				GCC_WARN_UNINITIALIZED_AUTOS = YES_AGGRESSIVE;
				GCC_WARN_UNUSED_FUNCTION = YES;
				GCC_WARN_UNUSED_VARIABLE = YES;
				IPHONEOS_DEPLOYMENT_TARGET = 18.0;
				LOCALIZATION_PREFERS_STRING_CATALOGS = YES;
				MTL_ENABLE_DEBUG_INFO = INCLUDE_SOURCE;
				MTL_FAST_MATH = YES;
				ONLY_ACTIVE_ARCH = YES;
				SDKROOT = iphoneos;
				SWIFT_ACTIVE_COMPILATION_CONDITIONS = "DEBUG $(inherited)";
				SWIFT_OPTIMIZATION_LEVEL = "-Onone";
			};
			name = Debug;
		};
		0EE7393F2CCA3B4F0075CBF6 /* Release */ = {
			isa = XCBuildConfiguration;
			buildSettings = {
				ALWAYS_SEARCH_USER_PATHS = NO;
				ASSETCATALOG_COMPILER_GENERATE_SWIFT_ASSET_SYMBOL_EXTENSIONS = YES;
				CLANG_ANALYZER_NONNULL = YES;
				CLANG_ANALYZER_NUMBER_OBJECT_CONVERSION = YES_AGGRESSIVE;
				CLANG_CXX_LANGUAGE_STANDARD = "gnu++20";
				CLANG_ENABLE_MODULES = YES;
				CLANG_ENABLE_OBJC_ARC = YES;
				CLANG_ENABLE_OBJC_WEAK = YES;
				CLANG_WARN_BLOCK_CAPTURE_AUTORELEASING = YES;
				CLANG_WARN_BOOL_CONVERSION = YES;
				CLANG_WARN_COMMA = YES;
				CLANG_WARN_CONSTANT_CONVERSION = YES;
				CLANG_WARN_DEPRECATED_OBJC_IMPLEMENTATIONS = YES;
				CLANG_WARN_DIRECT_OBJC_ISA_USAGE = YES_ERROR;
				CLANG_WARN_DOCUMENTATION_COMMENTS = YES;
				CLANG_WARN_EMPTY_BODY = YES;
				CLANG_WARN_ENUM_CONVERSION = YES;
				CLANG_WARN_INFINITE_RECURSION = YES;
				CLANG_WARN_INT_CONVERSION = YES;
				CLANG_WARN_NON_LITERAL_NULL_CONVERSION = YES;
				CLANG_WARN_OBJC_IMPLICIT_RETAIN_SELF = YES;
				CLANG_WARN_OBJC_LITERAL_CONVERSION = YES;
				CLANG_WARN_OBJC_ROOT_CLASS = YES_ERROR;
				CLANG_WARN_QUOTED_INCLUDE_IN_FRAMEWORK_HEADER = YES;
				CLANG_WARN_RANGE_LOOP_ANALYSIS = YES;
				CLANG_WARN_STRICT_PROTOTYPES = YES;
				CLANG_WARN_SUSPICIOUS_MOVE = YES;
				CLANG_WARN_UNGUARDED_AVAILABILITY = YES_AGGRESSIVE;
				CLANG_WARN_UNREACHABLE_CODE = YES;
				CLANG_WARN__DUPLICATE_METHOD_MATCH = YES;
				COPY_PHASE_STRIP = NO;
				DEBUG_INFORMATION_FORMAT = "dwarf-with-dsym";
				ENABLE_NS_ASSERTIONS = NO;
				ENABLE_STRICT_OBJC_MSGSEND = YES;
				ENABLE_USER_SCRIPT_SANDBOXING = YES;
				GCC_C_LANGUAGE_STANDARD = gnu17;
				GCC_NO_COMMON_BLOCKS = YES;
				GCC_WARN_64_TO_32_BIT_CONVERSION = YES;
				GCC_WARN_ABOUT_RETURN_TYPE = YES_ERROR;
				GCC_WARN_UNDECLARED_SELECTOR = YES;
				GCC_WARN_UNINITIALIZED_AUTOS = YES_AGGRESSIVE;
				GCC_WARN_UNUSED_FUNCTION = YES;
				GCC_WARN_UNUSED_VARIABLE = YES;
				IPHONEOS_DEPLOYMENT_TARGET = 18.0;
				LOCALIZATION_PREFERS_STRING_CATALOGS = YES;
				MTL_ENABLE_DEBUG_INFO = NO;
				MTL_FAST_MATH = YES;
				SDKROOT = iphoneos;
				SWIFT_COMPILATION_MODE = wholemodule;
				VALIDATE_PRODUCT = YES;
			};
			name = Release;
		};
		0EE739412CCA3B4F0075CBF6 /* Debug */ = {
			isa = XCBuildConfiguration;
			buildSettings = {
				ASSETCATALOG_COMPILER_APPICON_NAME = AppIcon;
				ASSETCATALOG_COMPILER_GLOBAL_ACCENT_COLOR_NAME = AccentColor;
				CODE_SIGN_STYLE = Automatic;
				CURRENT_PROJECT_VERSION = 1;
				DEVELOPMENT_ASSET_PATHS = "\"galore-ios/Preview Content\"";
				DEVELOPMENT_TEAM = JVX857Q763;
				ENABLE_PREVIEWS = YES;
				GENERATE_INFOPLIST_FILE = YES;
				INFOPLIST_FILE = "galore-ios/Info.plist";
				INFOPLIST_KEY_NSPhotoLibraryUsageDescription = "So you can upload a custom avatar";
				INFOPLIST_KEY_UIApplicationSceneManifest_Generation = YES;
				INFOPLIST_KEY_UIApplicationSupportsIndirectInputEvents = YES;
				INFOPLIST_KEY_UILaunchScreen_Generation = YES;
				INFOPLIST_KEY_UISupportedInterfaceOrientations_iPad = "UIInterfaceOrientationPortrait UIInterfaceOrientationPortraitUpsideDown UIInterfaceOrientationLandscapeLeft UIInterfaceOrientationLandscapeRight";
				INFOPLIST_KEY_UISupportedInterfaceOrientations_iPhone = "UIInterfaceOrientationPortrait UIInterfaceOrientationLandscapeLeft UIInterfaceOrientationLandscapeRight";
				LD_RUNPATH_SEARCH_PATHS = (
					"$(inherited)",
					"@executable_path/Frameworks",
				);
				MARKETING_VERSION = 1.0;
				PRODUCT_BUNDLE_IDENTIFIER = "com.sebastijanzindl.galore-ios";
				PRODUCT_NAME = "$(TARGET_NAME)";
				SWIFT_EMIT_LOC_STRINGS = YES;
				SWIFT_VERSION = 5.0;
				TARGETED_DEVICE_FAMILY = "1,2";
			};
			name = Debug;
		};
		0EE739422CCA3B4F0075CBF6 /* Release */ = {
			isa = XCBuildConfiguration;
			buildSettings = {
				ASSETCATALOG_COMPILER_APPICON_NAME = AppIcon;
				ASSETCATALOG_COMPILER_GLOBAL_ACCENT_COLOR_NAME = AccentColor;
				CODE_SIGN_STYLE = Automatic;
				CURRENT_PROJECT_VERSION = 1;
				DEVELOPMENT_ASSET_PATHS = "\"galore-ios/Preview Content\"";
				DEVELOPMENT_TEAM = JVX857Q763;
				ENABLE_PREVIEWS = YES;
				GENERATE_INFOPLIST_FILE = YES;
				INFOPLIST_FILE = "galore-ios/Info.plist";
				INFOPLIST_KEY_NSPhotoLibraryUsageDescription = "So you can upload a custom avatar";
				INFOPLIST_KEY_UIApplicationSceneManifest_Generation = YES;
				INFOPLIST_KEY_UIApplicationSupportsIndirectInputEvents = YES;
				INFOPLIST_KEY_UILaunchScreen_Generation = YES;
				INFOPLIST_KEY_UISupportedInterfaceOrientations_iPad = "UIInterfaceOrientationPortrait UIInterfaceOrientationPortraitUpsideDown UIInterfaceOrientationLandscapeLeft UIInterfaceOrientationLandscapeRight";
				INFOPLIST_KEY_UISupportedInterfaceOrientations_iPhone = "UIInterfaceOrientationPortrait UIInterfaceOrientationLandscapeLeft UIInterfaceOrientationLandscapeRight";
				LD_RUNPATH_SEARCH_PATHS = (
					"$(inherited)",
					"@executable_path/Frameworks",
				);
				MARKETING_VERSION = 1.0;
				PRODUCT_BUNDLE_IDENTIFIER = "com.sebastijanzindl.galore-ios";
				PRODUCT_NAME = "$(TARGET_NAME)";
				SWIFT_EMIT_LOC_STRINGS = YES;
				SWIFT_VERSION = 5.0;
				TARGETED_DEVICE_FAMILY = "1,2";
			};
			name = Release;
		};
		0EE739442CCA3B4F0075CBF6 /* Debug */ = {
			isa = XCBuildConfiguration;
			buildSettings = {
				BUNDLE_LOADER = "$(TEST_HOST)";
				CODE_SIGN_STYLE = Automatic;
				CURRENT_PROJECT_VERSION = 1;
				DEVELOPMENT_TEAM = JVX857Q763;
				GENERATE_INFOPLIST_FILE = YES;
				IPHONEOS_DEPLOYMENT_TARGET = 18.0;
				MARKETING_VERSION = 1.0;
				PRODUCT_BUNDLE_IDENTIFIER = "com.sebastijanzindl.galore-iosTests";
				PRODUCT_NAME = "$(TARGET_NAME)";
				SWIFT_EMIT_LOC_STRINGS = NO;
				SWIFT_VERSION = 5.0;
				TARGETED_DEVICE_FAMILY = "1,2";
				TEST_HOST = "$(BUILT_PRODUCTS_DIR)/galore-ios.app/$(BUNDLE_EXECUTABLE_FOLDER_PATH)/galore-ios";
			};
			name = Debug;
		};
		0EE739452CCA3B4F0075CBF6 /* Release */ = {
			isa = XCBuildConfiguration;
			buildSettings = {
				BUNDLE_LOADER = "$(TEST_HOST)";
				CODE_SIGN_STYLE = Automatic;
				CURRENT_PROJECT_VERSION = 1;
				DEVELOPMENT_TEAM = JVX857Q763;
				GENERATE_INFOPLIST_FILE = YES;
				IPHONEOS_DEPLOYMENT_TARGET = 18.0;
				MARKETING_VERSION = 1.0;
				PRODUCT_BUNDLE_IDENTIFIER = "com.sebastijanzindl.galore-iosTests";
				PRODUCT_NAME = "$(TARGET_NAME)";
				SWIFT_EMIT_LOC_STRINGS = NO;
				SWIFT_VERSION = 5.0;
				TARGETED_DEVICE_FAMILY = "1,2";
				TEST_HOST = "$(BUILT_PRODUCTS_DIR)/galore-ios.app/$(BUNDLE_EXECUTABLE_FOLDER_PATH)/galore-ios";
			};
			name = Release;
		};
		0EE739472CCA3B4F0075CBF6 /* Debug */ = {
			isa = XCBuildConfiguration;
			buildSettings = {
				CODE_SIGN_STYLE = Automatic;
				CURRENT_PROJECT_VERSION = 1;
				DEVELOPMENT_TEAM = JVX857Q763;
				GENERATE_INFOPLIST_FILE = YES;
				MARKETING_VERSION = 1.0;
				PRODUCT_BUNDLE_IDENTIFIER = "com.sebastijanzindl.galore-iosUITests";
				PRODUCT_NAME = "$(TARGET_NAME)";
				SWIFT_EMIT_LOC_STRINGS = NO;
				SWIFT_VERSION = 5.0;
				TARGETED_DEVICE_FAMILY = "1,2";
				TEST_TARGET_NAME = "galore-ios";
			};
			name = Debug;
		};
		0EE739482CCA3B4F0075CBF6 /* Release */ = {
			isa = XCBuildConfiguration;
			buildSettings = {
				CODE_SIGN_STYLE = Automatic;
				CURRENT_PROJECT_VERSION = 1;
				DEVELOPMENT_TEAM = JVX857Q763;
				GENERATE_INFOPLIST_FILE = YES;
				MARKETING_VERSION = 1.0;
				PRODUCT_BUNDLE_IDENTIFIER = "com.sebastijanzindl.galore-iosUITests";
				PRODUCT_NAME = "$(TARGET_NAME)";
				SWIFT_EMIT_LOC_STRINGS = NO;
				SWIFT_VERSION = 5.0;
				TARGETED_DEVICE_FAMILY = "1,2";
				TEST_TARGET_NAME = "galore-ios";
			};
			name = Release;
		};
/* End XCBuildConfiguration section */

/* Begin XCConfigurationList section */
		0EE739172CCA3B4E0075CBF6 /* Build configuration list for PBXProject "galore-ios" */ = {
			isa = XCConfigurationList;
			buildConfigurations = (
				0EE7393E2CCA3B4F0075CBF6 /* Debug */,
				0EE7393F2CCA3B4F0075CBF6 /* Release */,
			);
			defaultConfigurationIsVisible = 0;
			defaultConfigurationName = Release;
		};
		0EE739402CCA3B4F0075CBF6 /* Build configuration list for PBXNativeTarget "galore-ios" */ = {
			isa = XCConfigurationList;
			buildConfigurations = (
				0EE739412CCA3B4F0075CBF6 /* Debug */,
				0EE739422CCA3B4F0075CBF6 /* Release */,
			);
			defaultConfigurationIsVisible = 0;
			defaultConfigurationName = Release;
		};
		0EE739432CCA3B4F0075CBF6 /* Build configuration list for PBXNativeTarget "galore-iosTests" */ = {
			isa = XCConfigurationList;
			buildConfigurations = (
				0EE739442CCA3B4F0075CBF6 /* Debug */,
				0EE739452CCA3B4F0075CBF6 /* Release */,
			);
			defaultConfigurationIsVisible = 0;
			defaultConfigurationName = Release;
		};
		0EE739462CCA3B4F0075CBF6 /* Build configuration list for PBXNativeTarget "galore-iosUITests" */ = {
			isa = XCConfigurationList;
			buildConfigurations = (
				0EE739472CCA3B4F0075CBF6 /* Debug */,
				0EE739482CCA3B4F0075CBF6 /* Release */,
			);
			defaultConfigurationIsVisible = 0;
			defaultConfigurationName = Release;
		};
/* End XCConfigurationList section */

/* Begin XCRemoteSwiftPackageReference section */
		0E2DD5F92CD3F051001C837F /* XCRemoteSwiftPackageReference "lottie-spm" */ = {
			isa = XCRemoteSwiftPackageReference;
			repositoryURL = "https://github.com/airbnb/lottie-spm.git";
			requirement = {
				kind = upToNextMajorVersion;
				minimumVersion = 4.5.0;
			};
		};
		0EC555322CE368C500F45B8F /* XCRemoteSwiftPackageReference "Nuke" */ = {
			isa = XCRemoteSwiftPackageReference;
			repositoryURL = "https://github.com/kean/Nuke";
			requirement = {
				kind = upToNextMajorVersion;
				minimumVersion = 12.8.0;
			};
		};
/* End XCRemoteSwiftPackageReference section */

/* Begin XCSwiftPackageProductDependency section */
		0E2DD5FB2CD3F4CC001C837F /* Lottie */ = {
			isa = XCSwiftPackageProductDependency;
			package = 0E2DD5F92CD3F051001C837F /* XCRemoteSwiftPackageReference "lottie-spm" */;
			productName = Lottie;
		};
		0EC555332CE368C500F45B8F /* Nuke */ = {
			isa = XCSwiftPackageProductDependency;
			package = 0EC555322CE368C500F45B8F /* XCRemoteSwiftPackageReference "Nuke" */;
			productName = Nuke;
		};
		0EC555352CE368C500F45B8F /* NukeExtensions */ = {
			isa = XCSwiftPackageProductDependency;
			package = 0EC555322CE368C500F45B8F /* XCRemoteSwiftPackageReference "Nuke" */;
			productName = NukeExtensions;
		};
		0EC555372CE368C500F45B8F /* NukeUI */ = {
			isa = XCSwiftPackageProductDependency;
			package = 0EC555322CE368C500F45B8F /* XCRemoteSwiftPackageReference "Nuke" */;
			productName = NukeUI;
		};
		0EC555392CE368C500F45B8F /* NukeVideo */ = {
			isa = XCSwiftPackageProductDependency;
			package = 0EC555322CE368C500F45B8F /* XCRemoteSwiftPackageReference "Nuke" */;
			productName = NukeVideo;
		};
/* End XCSwiftPackageProductDependency section */
	};
	rootObject = 0EE739142CCA3B4E0075CBF6 /* Project object */;
}
